{
  "version": 4,
  "terraform_version": "1.6.3",
  "serial": 13,
  "lineage": "fb903be2-1375-d992-eb99-35b9be3a7bac",
  "outputs": {
    "instance_public_ip": {
      "value": "3.86.23.75",
      "type": "string"
    }
  },
  "resources": [
    {
      "mode": "managed",
      "type": "aws_instance",
      "name": "detector",
      "provider": "provider[\"registry.terraform.io/hashicorp/aws\"]",
      "instances": [
        {
          "schema_version": 1,
          "attributes": {
            "ami": "ami-0fc5d935ebf8bc3bc",
            "arn": "arn:aws:ec2:us-east-1:181034493839:instance/i-0d6237410d19b2587",
            "associate_public_ip_address": true,
            "availability_zone": "us-east-1c",
            "capacity_reservation_specification": [
              {
                "capacity_reservation_preference": "open",
                "capacity_reservation_target": []
              }
            ],
            "cpu_core_count": 2,
            "cpu_options": [
              {
                "amd_sev_snp": "",
                "core_count": 2,
                "threads_per_core": 1
              }
            ],
            "cpu_threads_per_core": 1,
            "credit_specification": [
              {
                "cpu_credits": "standard"
              }
            ],
            "disable_api_stop": false,
            "disable_api_termination": false,
            "ebs_block_device": [],
            "ebs_optimized": false,
            "enclave_options": [
              {
                "enabled": false
              }
            ],
            "ephemeral_block_device": [],
            "get_password_data": false,
            "hibernation": false,
            "host_id": "",
            "host_resource_group_arn": null,
            "iam_instance_profile": "",
            "id": "i-0d6237410d19b2587",
            "instance_initiated_shutdown_behavior": "stop",
            "instance_state": "running",
            "instance_type": "t2.medium",
            "ipv6_address_count": 0,
            "ipv6_addresses": [],
            "key_name": "szakdolgozat-key",
            "launch_template": [],
            "maintenance_options": [
              {
                "auto_recovery": "default"
              }
            ],
            "metadata_options": [
              {
                "http_endpoint": "enabled",
                "http_put_response_hop_limit": 1,
                "http_tokens": "optional",
                "instance_metadata_tags": "disabled"
              }
            ],
            "monitoring": false,
            "network_interface": [],
            "outpost_arn": "",
            "password_data": "",
            "placement_group": "",
            "placement_partition_number": 0,
            "primary_network_interface_id": "eni-06fd9d00b684db4dc",
            "private_dns": "ip-172-31-82-225.ec2.internal",
            "private_dns_name_options": [
              {
                "enable_resource_name_dns_a_record": false,
                "enable_resource_name_dns_aaaa_record": false,
                "hostname_type": "ip-name"
              }
            ],
            "private_ip": "172.31.82.225",
            "public_dns": "ec2-3-86-23-75.compute-1.amazonaws.com",
            "public_ip": "3.86.23.75",
            "root_block_device": [
              {
                "delete_on_termination": true,
                "device_name": "/dev/sda1",
                "encrypted": false,
                "iops": 100,
                "kms_key_id": "",
                "tags": {},
                "throughput": 0,
                "volume_id": "vol-06f844ce27055011c",
                "volume_size": 15,
                "volume_type": "gp2"
              }
            ],
            "secondary_private_ips": [],
            "security_groups": [
              "default"
            ],
            "source_dest_check": true,
            "subnet_id": "subnet-0e84908a8014594d1",
            "tags": {
              "Name": "Detector VM"
            },
            "tags_all": {
              "Name": "Detector VM"
            },
            "tenancy": "default",
            "timeouts": null,
            "user_data": null,
            "user_data_base64": null,
            "user_data_replace_on_change": false,
            "volume_tags": null,
            "vpc_security_group_ids": [
              "sg-0c9009776af1c250b"
            ]
          },
          "sensitive_attributes": [],
          "private": "eyJlMmJmYjczMC1lY2FhLTExZTYtOGY4OC0zNDM2M2JjN2M0YzAiOnsiY3JlYXRlIjo2MDAwMDAwMDAwMDAsImRlbGV0ZSI6MTIwMDAwMDAwMDAwMCwidXBkYXRlIjo2MDAwMDAwMDAwMDB9LCJzY2hlbWFfdmVyc2lvbiI6IjEifQ=="
        }
      ]
    },
    {
      "mode": "managed",
      "type": "aws_key_pair",
      "name": "szakdolgoat-key-pair",
      "provider": "provider[\"registry.terraform.io/hashicorp/aws\"]",
      "instances": [
        {
          "schema_version": 1,
          "attributes": {
            "arn": "arn:aws:ec2:us-east-1:181034493839:key-pair/szakdolgozat-key",
            "fingerprint": "c4:53:48:c4:2f:7a:66:b3:8b:c6:b8:69:0f:43:a3:83",
            "id": "szakdolgozat-key",
            "key_name": "szakdolgozat-key",
            "key_name_prefix": "",
            "key_pair_id": "key-0af63988109ed22a3",
            "key_type": "rsa",
            "public_key": "ssh-rsa AAAAB3NzaC1yc2EAAAADAQABAAACAQDV5fE1sUD4a10DM3TAtXkqb/SVtPvgdOCjRYl5Jhu9cGN4ANiUg5txOM+wXHWixLXespdEU6E60Rexp/GGXzxa9+JZGtw5H47J5dyYxCpjPBKW+bE0qD79xngx45+Ji0HeRZWMMEgrDdJShQ+1KBwrypyhmovqi493e7KtjY3JUQn0ofDxgQntkZKUybYN05OWVwmcnkn0YLxsWuGZLKnj4qs91scoFlqPqhbavHdKBLbSDAc8j41yO3tc+oLbWY/MSUDUpgFrnzyBWm6y02iifaXO10DnyZ+co0/DSeFgPTBhMFJjzaWqoQSpRwYz2lL+i88RGZom53z1iNgfKApBgjIouKyt9vpbYhbHlTzPyOI6rIqN0XvLIRYWCmDQPf73tRWpvf7Olw+V88bCnCdp7uPYtYyC50FaFLgSRv2dCT1RjWBhb/t8TdqcNGxj3ogsx1fSvHEqvGosCGTDV5nG0jV7Do6b8W9hDOKRpiqVazYmNUQbHsCZlbVmEIKeMICb8RjOQfidMLFRMnfa+wIRk0j0jYuRJ79FBrq0TRMey2yglTGXtKWvoGUOWN8piU32kEl8f8yKXq93yghu1VhPkdRj8xt3/JmeyoF7i6ZFEkjl+XooxU1unsEsXAE62EvDMeFYRW2DTpdmgCUJ25xuOl46/uFrFAQR5p5IZ/wNfw== pompos.balazs@gmail.com",
            "tags": {},
            "tags_all": {}
          },
          "sensitive_attributes": [],
          "private": "eyJzY2hlbWFfdmVyc2lvbiI6IjEifQ=="
        }
      ]
    },
    {
      "mode": "managed",
      "type": "local_file",
      "name": "inventory",
      "provider": "provider[\"registry.terraform.io/hashicorp/local\"]",
      "instances": [
        {
          "schema_version": 0,
          "attributes": {
            "content": "ec2test:\r\n  hosts:\r\n    3.86.23.75:\r\n      ansible_ssh_private_key_file: ~/.ssh/id_szakdolgozat",
            "content_base64": null,
            "content_base64sha256": "RNaJli/s99RDCPJHx1Aa+xctwgSc04jnnSVNOqrtezY=",
            "content_base64sha512": "c1e7AMKfoq9NV5UeBI/Jh+aTVO2tbT4wxGwm+3S2UeUm79B7o3hJeEXQ45gDHlfDfs28yhGy4GMzMkZ3TSPs+g==",
            "content_md5": "0f789a4c1d6e39aa6b3d64825a36df85",
            "content_sha1": "d64022dce09a4b4dbfcb94282b3c9d15d2ef8253",
            "content_sha256": "44d689962fecf7d44308f247c7501afb172dc2049cd388e79d254d3aaaed7b36",
            "content_sha512": "7357bb00c29fa2af4d57951e048fc987e69354edad6d3e30c46c26fb74b651e526efd07ba378497845d0e398031e57c37ecdbcca11b2e063333246774d23ecfa",
            "directory_permission": "0777",
            "file_permission": "0777",
            "filename": "./../../Ansible/inventory.yml",
            "id": "d64022dce09a4b4dbfcb94282b3c9d15d2ef8253",
            "sensitive_content": null,
            "source": null
          },
          "sensitive_attributes": [],
          "dependencies": [
            "aws_instance.detector"
          ]
        }
      ]
    }
  ],
  "check_results": null
}
